version = 1
revision = 3
requires-python = ">=3.11"

[[package]]
name = "asterx-driver"
version = "0.1.0"
source = { virtual = "." }
dependencies = [
    { name = "sbf-parser" },
]

[package.metadata]
requires-dist = [{ name = "sbf-parser", specifier = ">=1.0.3" }]

[[package]]
name = "sbf-parser"
version = "1.0.3"
source = { registry = "https://pypi.org/simple" }
sdist = { url = "https://files.pythonhosted.org/packages/d0/af/5216f38e7d7cf3e26572a21ac691579e5d7ffca5dade8cef778f657e585d/sbf_parser-1.0.3.tar.gz", hash = "sha256:066c41c085e5644bcff4af82f7a1f7ac95a2040cacd89dc5ad2a52c104b176a2", size = 536439, upload-time = "2025-08-06T13:39:39.371Z" }
wheels = [
    { url = "https://files.pythonhosted.org/packages/2b/92/f3bd6775481db509936f315ea4cfb2a6fb3cea9c182cfce0206fe626e210/sbf_parser-1.0.3-cp312-cp312-manylinux2014_x86_64.manylinux_2_17_x86_64.whl", hash = "sha256:7d3aaec0a1ce10689b5246172daf84dddd980153b52b4a608330a3c79156428e", size = 2190077, upload-time = "2025-08-06T13:39:35.894Z" },
]
